
Microsoft Visual Studio Solution File, Format Version 12.00
# Visual Studio Version 16
VisualStudioVersion = 16.0.31729.503
MinimumVisualStudioVersion = 10.0.40219.1
Project("{FAE04EC0-301F-11D3-BF4B-00C04F79EFBC}") = "Laba4", "Laba4.csproj", "{E7153483-B675-45D3-B3B6-97D8F30D1FD7}"
EndProject
Global
	GlobalSection(SolutionConfigurationPlatforms) = preSolution
		Debug|Any CPU = Debug|Any CPU
		Release|Any CPU = Release|Any CPU
	EndGlobalSection
	GlobalSection(ProjectConfigurationPlatforms) = postSolution
		{E7153483-B675-45D3-B3B6-97D8F30D1FD7}.Debug|Any CPU.ActiveCfg = Debug|Any CPU
		{E7153483-B675-45D3-B3B6-97D8F30D1FD7}.Debug|Any CPU.Build.0 = Debug|Any CPU
		{E7153483-B675-45D3-B3B6-97D8F30D1FD7}.Release|Any CPU.ActiveCfg = Release|Any CPU
		{E7153483-B675-45D3-B3B6-97D8F30D1FD7}.Release|Any CPU.Build.0 = Release|Any CPU
	EndGlobalSection
	GlobalSection(SolutionProperties) = preSolution
		HideSolutionNode = FALSE
	EndGlobalSection
	GlobalSection(ExtensibilityGlobals) = postSolution
		SolutionGuid = {E7616361-6C08-4BFE-A50E-30F19A4371B2}
	EndGlobalSection
EndGlobal
